
Microsoft Visual Studio Solution File, Format Version 12.00
# Visual Studio 15
VisualStudioVersion = 15.0.26730.16
MinimumVisualStudioVersion = 10.0.40219.1
Project("{FAE04EC0-301F-11D3-BF4B-00C04F79EFBC}") = "PreferenceTest.Droid", "PreferenceTest\PreferenceTest.Droid\PreferenceTest.Droid.csproj", "{13681B41-AE29-4754-A4DB-498AFDDD3C29}"
EndProject
Project("{FAE04EC0-301F-11D3-BF4B-00C04F79EFBC}") = "PreferenceTest.Core", "PreferenceTest\PreferenceTest.Core\PreferenceTest.Core.csproj", "{4656958C-FD98-426F-A5B9-C8D61C0081E5}"
EndProject
Project("{FAE04EC0-301F-11D3-BF4B-00C04F79EFBC}") = "PreferenceTest.iOS", "PreferenceTest\PreferenceTest.iOS\PreferenceTest.iOS.csproj", "{D261EE9D-ADF5-4306-8DD1-44DBC3E04883}"
EndProject
Global
	GlobalSection(SolutionConfigurationPlatforms) = preSolution
		Ad-Hoc|Any CPU = Ad-Hoc|Any CPU
		Ad-Hoc|iPhone = Ad-Hoc|iPhone
		Ad-Hoc|iPhoneSimulator = Ad-Hoc|iPhoneSimulator
		AppStore|Any CPU = AppStore|Any CPU
		AppStore|iPhone = AppStore|iPhone
		AppStore|iPhoneSimulator = AppStore|iPhoneSimulator
		Debug|Any CPU = Debug|Any CPU
		Debug|iPhone = Debug|iPhone
		Debug|iPhoneSimulator = Debug|iPhoneSimulator
		Release|Any CPU = Release|Any CPU
		Release|iPhone = Release|iPhone
		Release|iPhoneSimulator = Release|iPhoneSimulator
	EndGlobalSection
	GlobalSection(ProjectConfigurationPlatforms) = postSolution
		{13681B41-AE29-4754-A4DB-498AFDDD3C29}.Ad-Hoc|Any CPU.ActiveCfg = Release|Any CPU
		{13681B41-AE29-4754-A4DB-498AFDDD3C29}.Ad-Hoc|Any CPU.Build.0 = Release|Any CPU
		{13681B41-AE29-4754-A4DB-498AFDDD3C29}.Ad-Hoc|Any CPU.Deploy.0 = Release|Any CPU
		{13681B41-AE29-4754-A4DB-498AFDDD3C29}.Ad-Hoc|iPhone.ActiveCfg = Release|Any CPU
		{13681B41-AE29-4754-A4DB-498AFDDD3C29}.Ad-Hoc|iPhone.Build.0 = Release|Any CPU
		{13681B41-AE29-4754-A4DB-498AFDDD3C29}.Ad-Hoc|iPhone.Deploy.0 = Release|Any CPU
		{13681B41-AE29-4754-A4DB-498AFDDD3C29}.Ad-Hoc|iPhoneSimulator.ActiveCfg = Release|Any CPU
		{13681B41-AE29-4754-A4DB-498AFDDD3C29}.Ad-Hoc|iPhoneSimulator.Build.0 = Release|Any CPU
		{13681B41-AE29-4754-A4DB-498AFDDD3C29}.Ad-Hoc|iPhoneSimulator.Deploy.0 = Release|Any CPU
		{13681B41-AE29-4754-A4DB-498AFDDD3C29}.AppStore|Any CPU.ActiveCfg = Release|Any CPU
		{13681B41-AE29-4754-A4DB-498AFDDD3C29}.AppStore|Any CPU.Build.0 = Release|Any CPU
		{13681B41-AE29-4754-A4DB-498AFDDD3C29}.AppStore|Any CPU.Deploy.0 = Release|Any CPU
		{13681B41-AE29-4754-A4DB-498AFDDD3C29}.AppStore|iPhone.ActiveCfg = Release|Any CPU
		{13681B41-AE29-4754-A4DB-498AFDDD3C29}.AppStore|iPhone.Build.0 = Release|Any CPU
		{13681B41-AE29-4754-A4DB-498AFDDD3C29}.AppStore|iPhone.Deploy.0 = Release|Any CPU
		{13681B41-AE29-4754-A4DB-498AFDDD3C29}.AppStore|iPhoneSimulator.ActiveCfg = Release|Any CPU
		{13681B41-AE29-4754-A4DB-498AFDDD3C29}.AppStore|iPhoneSimulator.Build.0 = Release|Any CPU
		{13681B41-AE29-4754-A4DB-498AFDDD3C29}.AppStore|iPhoneSimulator.Deploy.0 = Release|Any CPU
		{13681B41-AE29-4754-A4DB-498AFDDD3C29}.Debug|Any CPU.ActiveCfg = Debug|Any CPU
		{13681B41-AE29-4754-A4DB-498AFDDD3C29}.Debug|Any CPU.Build.0 = Debug|Any CPU
		{13681B41-AE29-4754-A4DB-498AFDDD3C29}.Debug|Any CPU.Deploy.0 = Debug|Any CPU
		{13681B41-AE29-4754-A4DB-498AFDDD3C29}.Debug|iPhone.ActiveCfg = Debug|Any CPU
		{13681B41-AE29-4754-A4DB-498AFDDD3C29}.Debug|iPhone.Build.0 = Debug|Any CPU
		{13681B41-AE29-4754-A4DB-498AFDDD3C29}.Debug|iPhone.Deploy.0 = Debug|Any CPU
		{13681B41-AE29-4754-A4DB-498AFDDD3C29}.Debug|iPhoneSimulator.ActiveCfg = Debug|Any CPU
		{13681B41-AE29-4754-A4DB-498AFDDD3C29}.Debug|iPhoneSimulator.Build.0 = Debug|Any CPU
		{13681B41-AE29-4754-A4DB-498AFDDD3C29}.Debug|iPhoneSimulator.Deploy.0 = Debug|Any CPU
		{13681B41-AE29-4754-A4DB-498AFDDD3C29}.Release|Any CPU.ActiveCfg = Release|Any CPU
		{13681B41-AE29-4754-A4DB-498AFDDD3C29}.Release|Any CPU.Build.0 = Release|Any CPU
		{13681B41-AE29-4754-A4DB-498AFDDD3C29}.Release|Any CPU.Deploy.0 = Release|Any CPU
		{13681B41-AE29-4754-A4DB-498AFDDD3C29}.Release|iPhone.ActiveCfg = Release|Any CPU
		{13681B41-AE29-4754-A4DB-498AFDDD3C29}.Release|iPhone.Build.0 = Release|Any CPU
		{13681B41-AE29-4754-A4DB-498AFDDD3C29}.Release|iPhone.Deploy.0 = Release|Any CPU
		{13681B41-AE29-4754-A4DB-498AFDDD3C29}.Release|iPhoneSimulator.ActiveCfg = Release|Any CPU
		{13681B41-AE29-4754-A4DB-498AFDDD3C29}.Release|iPhoneSimulator.Build.0 = Release|Any CPU
		{13681B41-AE29-4754-A4DB-498AFDDD3C29}.Release|iPhoneSimulator.Deploy.0 = Release|Any CPU
		{4656958C-FD98-426F-A5B9-C8D61C0081E5}.Ad-Hoc|Any CPU.ActiveCfg = Release|Any CPU
		{4656958C-FD98-426F-A5B9-C8D61C0081E5}.Ad-Hoc|Any CPU.Build.0 = Release|Any CPU
		{4656958C-FD98-426F-A5B9-C8D61C0081E5}.Ad-Hoc|iPhone.ActiveCfg = Release|Any CPU
		{4656958C-FD98-426F-A5B9-C8D61C0081E5}.Ad-Hoc|iPhone.Build.0 = Release|Any CPU
		{4656958C-FD98-426F-A5B9-C8D61C0081E5}.Ad-Hoc|iPhoneSimulator.ActiveCfg = Release|Any CPU
		{4656958C-FD98-426F-A5B9-C8D61C0081E5}.Ad-Hoc|iPhoneSimulator.Build.0 = Release|Any CPU
		{4656958C-FD98-426F-A5B9-C8D61C0081E5}.AppStore|Any CPU.ActiveCfg = Release|Any CPU
		{4656958C-FD98-426F-A5B9-C8D61C0081E5}.AppStore|Any CPU.Build.0 = Release|Any CPU
		{4656958C-FD98-426F-A5B9-C8D61C0081E5}.AppStore|iPhone.ActiveCfg = Release|Any CPU
		{4656958C-FD98-426F-A5B9-C8D61C0081E5}.AppStore|iPhone.Build.0 = Release|Any CPU
		{4656958C-FD98-426F-A5B9-C8D61C0081E5}.AppStore|iPhoneSimulator.ActiveCfg = Release|Any CPU
		{4656958C-FD98-426F-A5B9-C8D61C0081E5}.AppStore|iPhoneSimulator.Build.0 = Release|Any CPU
		{4656958C-FD98-426F-A5B9-C8D61C0081E5}.Debug|Any CPU.ActiveCfg = Debug|Any CPU
		{4656958C-FD98-426F-A5B9-C8D61C0081E5}.Debug|Any CPU.Build.0 = Debug|Any CPU
		{4656958C-FD98-426F-A5B9-C8D61C0081E5}.Debug|iPhone.ActiveCfg = Debug|Any CPU
		{4656958C-FD98-426F-A5B9-C8D61C0081E5}.Debug|iPhone.Build.0 = Debug|Any CPU
		{4656958C-FD98-426F-A5B9-C8D61C0081E5}.Debug|iPhoneSimulator.ActiveCfg = Debug|Any CPU
		{4656958C-FD98-426F-A5B9-C8D61C0081E5}.Debug|iPhoneSimulator.Build.0 = Debug|Any CPU
		{4656958C-FD98-426F-A5B9-C8D61C0081E5}.Release|Any CPU.ActiveCfg = Release|Any CPU
		{4656958C-FD98-426F-A5B9-C8D61C0081E5}.Release|Any CPU.Build.0 = Release|Any CPU
		{4656958C-FD98-426F-A5B9-C8D61C0081E5}.Release|iPhone.ActiveCfg = Release|Any CPU
		{4656958C-FD98-426F-A5B9-C8D61C0081E5}.Release|iPhone.Build.0 = Release|Any CPU
		{4656958C-FD98-426F-A5B9-C8D61C0081E5}.Release|iPhoneSimulator.ActiveCfg = Release|Any CPU
		{4656958C-FD98-426F-A5B9-C8D61C0081E5}.Release|iPhoneSimulator.Build.0 = Release|Any CPU
		{D261EE9D-ADF5-4306-8DD1-44DBC3E04883}.Ad-Hoc|Any CPU.ActiveCfg = Ad-Hoc|iPhone
		{D261EE9D-ADF5-4306-8DD1-44DBC3E04883}.Ad-Hoc|iPhone.ActiveCfg = Ad-Hoc|iPhone
		{D261EE9D-ADF5-4306-8DD1-44DBC3E04883}.Ad-Hoc|iPhone.Build.0 = Ad-Hoc|iPhone
		{D261EE9D-ADF5-4306-8DD1-44DBC3E04883}.Ad-Hoc|iPhoneSimulator.ActiveCfg = Ad-Hoc|iPhoneSimulator
		{D261EE9D-ADF5-4306-8DD1-44DBC3E04883}.Ad-Hoc|iPhoneSimulator.Build.0 = Ad-Hoc|iPhoneSimulator
		{D261EE9D-ADF5-4306-8DD1-44DBC3E04883}.AppStore|Any CPU.ActiveCfg = AppStore|iPhone
		{D261EE9D-ADF5-4306-8DD1-44DBC3E04883}.AppStore|iPhone.ActiveCfg = AppStore|iPhone
		{D261EE9D-ADF5-4306-8DD1-44DBC3E04883}.AppStore|iPhone.Build.0 = AppStore|iPhone
		{D261EE9D-ADF5-4306-8DD1-44DBC3E04883}.AppStore|iPhoneSimulator.ActiveCfg = AppStore|iPhoneSimulator
		{D261EE9D-ADF5-4306-8DD1-44DBC3E04883}.AppStore|iPhoneSimulator.Build.0 = AppStore|iPhoneSimulator
		{D261EE9D-ADF5-4306-8DD1-44DBC3E04883}.Debug|Any CPU.ActiveCfg = Debug|iPhone
		{D261EE9D-ADF5-4306-8DD1-44DBC3E04883}.Debug|iPhone.ActiveCfg = Debug|iPhone
		{D261EE9D-ADF5-4306-8DD1-44DBC3E04883}.Debug|iPhone.Build.0 = Debug|iPhone
		{D261EE9D-ADF5-4306-8DD1-44DBC3E04883}.Debug|iPhoneSimulator.ActiveCfg = Debug|iPhoneSimulator
		{D261EE9D-ADF5-4306-8DD1-44DBC3E04883}.Debug|iPhoneSimulator.Build.0 = Debug|iPhoneSimulator
		{D261EE9D-ADF5-4306-8DD1-44DBC3E04883}.Release|Any CPU.ActiveCfg = Release|iPhone
		{D261EE9D-ADF5-4306-8DD1-44DBC3E04883}.Release|iPhone.ActiveCfg = Release|iPhone
		{D261EE9D-ADF5-4306-8DD1-44DBC3E04883}.Release|iPhone.Build.0 = Release|iPhone
		{D261EE9D-ADF5-4306-8DD1-44DBC3E04883}.Release|iPhoneSimulator.ActiveCfg = Release|iPhoneSimulator
		{D261EE9D-ADF5-4306-8DD1-44DBC3E04883}.Release|iPhoneSimulator.Build.0 = Release|iPhoneSimulator
	EndGlobalSection
	GlobalSection(SolutionProperties) = preSolution
		HideSolutionNode = FALSE
	EndGlobalSection
	GlobalSection(ExtensibilityGlobals) = postSolution
		SolutionGuid = {49F12945-862F-4CEF-9BB4-D04F8FB8091C}
	EndGlobalSection
EndGlobal
